
Microsoft Visual Studio Solution File, Format Version 12.00
# Visual Studio Version 17
VisualStudioVersion = 17.8.34511.84
MinimumVisualStudioVersion = 10.0.40219.1
Project("{9A19103F-16F7-4668-BE54-9A1E7A4F7556}") = "AM.UI.Console", "AM.UI.Console\AM.UI.Console.csproj", "{572D8465-95A7-4D4B-92D1-3F45C9A7405F}"
EndProject
Project("{9A19103F-16F7-4668-BE54-9A1E7A4F7556}") = "AM.ApplicationCore", "AM.ApplicationCore\AM.ApplicationCore.csproj", "{22238F63-CE89-47EB-A96D-CDB6F06914AE}"
EndProject
Project("{9A19103F-16F7-4668-BE54-9A1E7A4F7556}") = "AM.Infrastructure", "AM.Infrastructure\AM.Infrastructure.csproj", "{2EAC2DE8-59DC-42D6-B8D2-848A7D4710BF}"
EndProject
Project("{FAE04EC0-301F-11D3-BF4B-00C04F79EFBC}") = "AM.UI.Web", "AM.UI.Web\AM.UI.Web.csproj", "{D35B8695-5D41-4DC7-9576-BA9BBDEC7E8D}"
EndProject
Global
	GlobalSection(SolutionConfigurationPlatforms) = preSolution
		Debug|Any CPU = Debug|Any CPU
		Release|Any CPU = Release|Any CPU
	EndGlobalSection
	GlobalSection(ProjectConfigurationPlatforms) = postSolution
		{572D8465-95A7-4D4B-92D1-3F45C9A7405F}.Debug|Any CPU.ActiveCfg = Debug|Any CPU
		{572D8465-95A7-4D4B-92D1-3F45C9A7405F}.Debug|Any CPU.Build.0 = Debug|Any CPU
		{572D8465-95A7-4D4B-92D1-3F45C9A7405F}.Release|Any CPU.ActiveCfg = Release|Any CPU
		{572D8465-95A7-4D4B-92D1-3F45C9A7405F}.Release|Any CPU.Build.0 = Release|Any CPU
		{22238F63-CE89-47EB-A96D-CDB6F06914AE}.Debug|Any CPU.ActiveCfg = Debug|Any CPU
		{22238F63-CE89-47EB-A96D-CDB6F06914AE}.Debug|Any CPU.Build.0 = Debug|Any CPU
		{22238F63-CE89-47EB-A96D-CDB6F06914AE}.Release|Any CPU.ActiveCfg = Release|Any CPU
		{22238F63-CE89-47EB-A96D-CDB6F06914AE}.Release|Any CPU.Build.0 = Release|Any CPU
		{2EAC2DE8-59DC-42D6-B8D2-848A7D4710BF}.Debug|Any CPU.ActiveCfg = Debug|Any CPU
		{2EAC2DE8-59DC-42D6-B8D2-848A7D4710BF}.Debug|Any CPU.Build.0 = Debug|Any CPU
		{2EAC2DE8-59DC-42D6-B8D2-848A7D4710BF}.Release|Any CPU.ActiveCfg = Release|Any CPU
		{2EAC2DE8-59DC-42D6-B8D2-848A7D4710BF}.Release|Any CPU.Build.0 = Release|Any CPU
		{D35B8695-5D41-4DC7-9576-BA9BBDEC7E8D}.Debug|Any CPU.ActiveCfg = Debug|Any CPU
		{D35B8695-5D41-4DC7-9576-BA9BBDEC7E8D}.Debug|Any CPU.Build.0 = Debug|Any CPU
		{D35B8695-5D41-4DC7-9576-BA9BBDEC7E8D}.Release|Any CPU.ActiveCfg = Release|Any CPU
		{D35B8695-5D41-4DC7-9576-BA9BBDEC7E8D}.Release|Any CPU.Build.0 = Release|Any CPU
	EndGlobalSection
	GlobalSection(SolutionProperties) = preSolution
		HideSolutionNode = FALSE
	EndGlobalSection
	GlobalSection(ExtensibilityGlobals) = postSolution
		SolutionGuid = {C0887B56-7080-4F5C-AD29-7A498F733061}
	EndGlobalSection
EndGlobal
